
Microsoft Visual Studio Solution File, Format Version 12.00
# Visual Studio Version 17
VisualStudioVersion = 17.2.32630.192
MinimumVisualStudioVersion = 10.0.40219.1
Project("{8BC9CEB8-8B4A-11D0-8D11-00A0C91BC942}") = "Week2", "Week2\Week2.vcxproj", "{AFEF285F-5A09-4913-AF05-1047C0A7A17E}"
EndProject
Project("{8BC9CEB8-8B4A-11D0-8D11-00A0C91BC942}") = "Week3", "Week3\Week3.vcxproj", "{C4510C2E-619C-43F3-B46D-0543C08CEC8C}"
EndProject
Project("{8BC9CEB8-8B4A-11D0-8D11-00A0C91BC942}") = "Assignment", "Assignment\Assignment.vcxproj", "{A039611E-0B6C-4DAC-87A1-265EBD717C10}"
EndProject
Global
	GlobalSection(SolutionConfigurationPlatforms) = preSolution
		Debug|x64 = Debug|x64
		Debug|x86 = Debug|x86
		Release|x64 = Release|x64
		Release|x86 = Release|x86
	EndGlobalSection
	GlobalSection(ProjectConfigurationPlatforms) = postSolution
		{AFEF285F-5A09-4913-AF05-1047C0A7A17E}.Debug|x64.ActiveCfg = Debug|x64
		{AFEF285F-5A09-4913-AF05-1047C0A7A17E}.Debug|x64.Build.0 = Debug|x64
		{AFEF285F-5A09-4913-AF05-1047C0A7A17E}.Debug|x86.ActiveCfg = Debug|Win32
		{AFEF285F-5A09-4913-AF05-1047C0A7A17E}.Debug|x86.Build.0 = Debug|Win32
		{AFEF285F-5A09-4913-AF05-1047C0A7A17E}.Release|x64.ActiveCfg = Release|x64
		{AFEF285F-5A09-4913-AF05-1047C0A7A17E}.Release|x64.Build.0 = Release|x64
		{AFEF285F-5A09-4913-AF05-1047C0A7A17E}.Release|x86.ActiveCfg = Release|Win32
		{AFEF285F-5A09-4913-AF05-1047C0A7A17E}.Release|x86.Build.0 = Release|Win32
		{C4510C2E-619C-43F3-B46D-0543C08CEC8C}.Debug|x64.ActiveCfg = Debug|x64
		{C4510C2E-619C-43F3-B46D-0543C08CEC8C}.Debug|x64.Build.0 = Debug|x64
		{C4510C2E-619C-43F3-B46D-0543C08CEC8C}.Debug|x86.ActiveCfg = Debug|Win32
		{C4510C2E-619C-43F3-B46D-0543C08CEC8C}.Debug|x86.Build.0 = Debug|Win32
		{C4510C2E-619C-43F3-B46D-0543C08CEC8C}.Release|x64.ActiveCfg = Release|x64
		{C4510C2E-619C-43F3-B46D-0543C08CEC8C}.Release|x64.Build.0 = Release|x64
		{C4510C2E-619C-43F3-B46D-0543C08CEC8C}.Release|x86.ActiveCfg = Release|Win32
		{C4510C2E-619C-43F3-B46D-0543C08CEC8C}.Release|x86.Build.0 = Release|Win32
		{A039611E-0B6C-4DAC-87A1-265EBD717C10}.Debug|x64.ActiveCfg = Debug|x64
		{A039611E-0B6C-4DAC-87A1-265EBD717C10}.Debug|x64.Build.0 = Debug|x64
		{A039611E-0B6C-4DAC-87A1-265EBD717C10}.Debug|x86.ActiveCfg = Debug|Win32
		{A039611E-0B6C-4DAC-87A1-265EBD717C10}.Debug|x86.Build.0 = Debug|Win32
		{A039611E-0B6C-4DAC-87A1-265EBD717C10}.Release|x64.ActiveCfg = Release|x64
		{A039611E-0B6C-4DAC-87A1-265EBD717C10}.Release|x64.Build.0 = Release|x64
		{A039611E-0B6C-4DAC-87A1-265EBD717C10}.Release|x86.ActiveCfg = Release|Win32
		{A039611E-0B6C-4DAC-87A1-265EBD717C10}.Release|x86.Build.0 = Release|Win32
	EndGlobalSection
	GlobalSection(SolutionProperties) = preSolution
		HideSolutionNode = FALSE
	EndGlobalSection
	GlobalSection(ExtensibilityGlobals) = postSolution
		SolutionGuid = {F5E5F3C9-5C16-48D9-B96B-C8D48F44FD2C}
	EndGlobalSection
EndGlobal
